
Microsoft Visual Studio Solution File, Format Version 12.00
# Visual Studio Version 16
VisualStudioVersion = 16.0.29326.143
MinimumVisualStudioVersion = 10.0.40219.1
Project("{FAE04EC0-301F-11D3-BF4B-00C04F79EFBC}") = "Tarea1", "Tarea1\Tarea1.csproj", "{81C53D73-307B-4C51-8C4C-075C07320EAC}"
EndProject
Global
	GlobalSection(SolutionConfigurationPlatforms) = preSolution
		Debug|Any CPU = Debug|Any CPU
		Release|Any CPU = Release|Any CPU
	EndGlobalSection
	GlobalSection(ProjectConfigurationPlatforms) = postSolution
		{81C53D73-307B-4C51-8C4C-075C07320EAC}.Debug|Any CPU.ActiveCfg = Debug|Any CPU
		{81C53D73-307B-4C51-8C4C-075C07320EAC}.Debug|Any CPU.Build.0 = Debug|Any CPU
		{81C53D73-307B-4C51-8C4C-075C07320EAC}.Release|Any CPU.ActiveCfg = Release|Any CPU
		{81C53D73-307B-4C51-8C4C-075C07320EAC}.Release|Any CPU.Build.0 = Release|Any CPU
	EndGlobalSection
	GlobalSection(SolutionProperties) = preSolution
		HideSolutionNode = FALSE
	EndGlobalSection
	GlobalSection(ExtensibilityGlobals) = postSolution
		SolutionGuid = {0A41AAC9-782B-4870-B72A-EB8935676FEE}
	EndGlobalSection
EndGlobal
