
Microsoft Visual Studio Solution File, Format Version 12.00
# Visual Studio Version 16
VisualStudioVersion = 16.0.29326.143
MinimumVisualStudioVersion = 10.0.40219.1
Project("{FAE04EC0-301F-11D3-BF4B-00C04F79EFBC}") = "Tarea8", "Tarea8\Tarea8.csproj", "{A384981D-71F6-44BA-844F-4B527AB894A7}"
EndProject
Global
	GlobalSection(SolutionConfigurationPlatforms) = preSolution
		Debug|Any CPU = Debug|Any CPU
		Release|Any CPU = Release|Any CPU
	EndGlobalSection
	GlobalSection(ProjectConfigurationPlatforms) = postSolution
		{A384981D-71F6-44BA-844F-4B527AB894A7}.Debug|Any CPU.ActiveCfg = Debug|Any CPU
		{A384981D-71F6-44BA-844F-4B527AB894A7}.Debug|Any CPU.Build.0 = Debug|Any CPU
		{A384981D-71F6-44BA-844F-4B527AB894A7}.Release|Any CPU.ActiveCfg = Release|Any CPU
		{A384981D-71F6-44BA-844F-4B527AB894A7}.Release|Any CPU.Build.0 = Release|Any CPU
	EndGlobalSection
	GlobalSection(SolutionProperties) = preSolution
		HideSolutionNode = FALSE
	EndGlobalSection
	GlobalSection(ExtensibilityGlobals) = postSolution
		SolutionGuid = {6B8D35CB-7A4D-40B4-B715-89EC54933F3D}
	EndGlobalSection
EndGlobal
